
Microsoft Visual Studio Solution File, Format Version 12.00
# Visual Studio Version 16
VisualStudioVersion = 16.0.31025.194
MinimumVisualStudioVersion = 10.0.40219.1
Project("{FAE04EC0-301F-11D3-BF4B-00C04F79EFBC}") = "KDSP", "KDSP\KDSP.csproj", "{8788077B-F7F1-4EC3-A279-90B643D83B14}"
EndProject
Project("{FAE04EC0-301F-11D3-BF4B-00C04F79EFBC}") = "KDSPModels", "KDSPModels\KDSPModels.csproj", "{9FE05098-16EC-48A5-8112-57616159F235}"
EndProject
Project("{FAE04EC0-301F-11D3-BF4B-00C04F79EFBC}") = "KDSPDAL", "KDSPDAL\KDSPDAL.csproj", "{298F8980-009B-40C5-B6E5-0ADEB79C3DDC}"
EndProject
Project("{FAE04EC0-301F-11D3-BF4B-00C04F79EFBC}") = "KDSPModelDTOs", "KDSPModelDTOs\KDSPModelDTOs.csproj", "{D1B368A7-A388-4658-A43F-47F2708CDCAE}"
EndProject
Global
	GlobalSection(SolutionConfigurationPlatforms) = preSolution
		Debug|Any CPU = Debug|Any CPU
		Release|Any CPU = Release|Any CPU
	EndGlobalSection
	GlobalSection(ProjectConfigurationPlatforms) = postSolution
		{8788077B-F7F1-4EC3-A279-90B643D83B14}.Debug|Any CPU.ActiveCfg = Debug|Any CPU
		{8788077B-F7F1-4EC3-A279-90B643D83B14}.Debug|Any CPU.Build.0 = Debug|Any CPU
		{8788077B-F7F1-4EC3-A279-90B643D83B14}.Release|Any CPU.ActiveCfg = Release|Any CPU
		{8788077B-F7F1-4EC3-A279-90B643D83B14}.Release|Any CPU.Build.0 = Release|Any CPU
		{9FE05098-16EC-48A5-8112-57616159F235}.Debug|Any CPU.ActiveCfg = Debug|Any CPU
		{9FE05098-16EC-48A5-8112-57616159F235}.Debug|Any CPU.Build.0 = Debug|Any CPU
		{9FE05098-16EC-48A5-8112-57616159F235}.Release|Any CPU.ActiveCfg = Release|Any CPU
		{9FE05098-16EC-48A5-8112-57616159F235}.Release|Any CPU.Build.0 = Release|Any CPU
		{298F8980-009B-40C5-B6E5-0ADEB79C3DDC}.Debug|Any CPU.ActiveCfg = Debug|Any CPU
		{298F8980-009B-40C5-B6E5-0ADEB79C3DDC}.Debug|Any CPU.Build.0 = Debug|Any CPU
		{298F8980-009B-40C5-B6E5-0ADEB79C3DDC}.Release|Any CPU.ActiveCfg = Release|Any CPU
		{298F8980-009B-40C5-B6E5-0ADEB79C3DDC}.Release|Any CPU.Build.0 = Release|Any CPU
		{D1B368A7-A388-4658-A43F-47F2708CDCAE}.Debug|Any CPU.ActiveCfg = Debug|Any CPU
		{D1B368A7-A388-4658-A43F-47F2708CDCAE}.Debug|Any CPU.Build.0 = Debug|Any CPU
		{D1B368A7-A388-4658-A43F-47F2708CDCAE}.Release|Any CPU.ActiveCfg = Release|Any CPU
		{D1B368A7-A388-4658-A43F-47F2708CDCAE}.Release|Any CPU.Build.0 = Release|Any CPU
	EndGlobalSection
	GlobalSection(SolutionProperties) = preSolution
		HideSolutionNode = FALSE
	EndGlobalSection
	GlobalSection(ExtensibilityGlobals) = postSolution
		SolutionGuid = {100AA46E-5AFD-4C75-B976-2F7CFBDB695D}
	EndGlobalSection
EndGlobal
